
Microsoft Visual Studio Solution File, Format Version 12.00
# Visual Studio 15
VisualStudioVersion = 15.0.28307.572
MinimumVisualStudioVersion = 10.0.40219.1
Project("{FAE04EC0-301F-11D3-BF4B-00C04F79EFBC}") = "ProyectoBasesIICarroTec", "ProyectoBasesIICarroTec\ProyectoBasesIICarroTec.csproj", "{F83C9BCF-27CE-4DC3-BFED-227E038CD197}"
EndProject
Global
	GlobalSection(SolutionConfigurationPlatforms) = preSolution
		Debug|Any CPU = Debug|Any CPU
		Release|Any CPU = Release|Any CPU
	EndGlobalSection
	GlobalSection(ProjectConfigurationPlatforms) = postSolution
		{F83C9BCF-27CE-4DC3-BFED-227E038CD197}.Debug|Any CPU.ActiveCfg = Debug|Any CPU
		{F83C9BCF-27CE-4DC3-BFED-227E038CD197}.Debug|Any CPU.Build.0 = Debug|Any CPU
		{F83C9BCF-27CE-4DC3-BFED-227E038CD197}.Release|Any CPU.ActiveCfg = Release|Any CPU
		{F83C9BCF-27CE-4DC3-BFED-227E038CD197}.Release|Any CPU.Build.0 = Release|Any CPU
	EndGlobalSection
	GlobalSection(SolutionProperties) = preSolution
		HideSolutionNode = FALSE
	EndGlobalSection
	GlobalSection(ExtensibilityGlobals) = postSolution
		SolutionGuid = {52FA0D98-1770-4D93-A4CF-03610CD8B63E}
	EndGlobalSection
EndGlobal
